github.com/davecgh/go-spew v1.1.1 h1:vj9j/u1bqnvCEfJOwUhtlOARqs3+rkHYY13jYWTU97c=
github.com/davecgh/go-spew v1.1.1/go.mod h1:J7Y8YcW2NihsgmVo/mv3lAwl/skON4iLHjSsI+c5H38=
golang.org/x/text v0.33.0/go.mod h1:LuMebE6+rBincTi9+xWTY8TztLzKHc/9C1uBCG27+q8=
golang.org/x/text v0.35.0 h1:JOVx6vVDFokkpaq1AEptVzLTpDe9KGpj5tR4/X+ybL8=
golang.org/x/text v0.35.0/go.mod h1:khi/HExzZJ2pGnjenulevKNX1W67CUy0AsXcNubPGCA=
www.velocidex.com/golang/regparser v0.0.0-20250203141505-31e704a67ef7 h1:BMX/37sYwX+8JhHt+YNbPfbx7dXG1w1L1mXonNBtjt0=
www.velocidex.com/golang/regparser v0.0.0-20250203141505-31e704a67ef7/go.mod h1:pxSECT5mWM3goJ4sxB4HCJNKnKqiAlpyT8XnvBwkLGU=
